
Microsoft Visual Studio Solution File, Format Version 12.00
# Visual Studio Version 16
VisualStudioVersion = 16.0.30005.37
MinimumVisualStudioVersion = 10.0.40219.1
Project("{FAE04EC0-301F-11D3-BF4B-00C04F79EFBC}") = "ChocolateBoiler", "ChocolateBoiler\ChocolateBoiler.csproj", "{833DE4A6-A2D0-4131-A57A-E51E74C30A66}"
EndProject
Global
	GlobalSection(SolutionConfigurationPlatforms) = preSolution
		Debug|Any CPU = Debug|Any CPU
		Release|Any CPU = Release|Any CPU
	EndGlobalSection
	GlobalSection(ProjectConfigurationPlatforms) = postSolution
		{833DE4A6-A2D0-4131-A57A-E51E74C30A66}.Debug|Any CPU.ActiveCfg = Debug|Any CPU
		{833DE4A6-A2D0-4131-A57A-E51E74C30A66}.Debug|Any CPU.Build.0 = Debug|Any CPU
		{833DE4A6-A2D0-4131-A57A-E51E74C30A66}.Release|Any CPU.ActiveCfg = Release|Any CPU
		{833DE4A6-A2D0-4131-A57A-E51E74C30A66}.Release|Any CPU.Build.0 = Release|Any CPU
	EndGlobalSection
	GlobalSection(SolutionProperties) = preSolution
		HideSolutionNode = FALSE
	EndGlobalSection
	GlobalSection(ExtensibilityGlobals) = postSolution
		SolutionGuid = {17F42C79-9B3F-4218-AA5A-8CDF8450BD8C}
	EndGlobalSection
EndGlobal
