
Microsoft Visual Studio Solution File, Format Version 12.00
# Visual Studio Version 16
VisualStudioVersion = 16.0.30007.277
MinimumVisualStudioVersion = 10.0.40219.1
Project("{FAE04EC0-301F-11D3-BF4B-00C04F79EFBC}") = "CompositePattern1", "CompositePattern1\CompositePattern1.csproj", "{D70904F3-AEB7-4DE8-9DF5-B37091EBF830}"
EndProject
Global
	GlobalSection(SolutionConfigurationPlatforms) = preSolution
		Debug|Any CPU = Debug|Any CPU
		Release|Any CPU = Release|Any CPU
	EndGlobalSection
	GlobalSection(ProjectConfigurationPlatforms) = postSolution
		{D70904F3-AEB7-4DE8-9DF5-B37091EBF830}.Debug|Any CPU.ActiveCfg = Debug|Any CPU
		{D70904F3-AEB7-4DE8-9DF5-B37091EBF830}.Debug|Any CPU.Build.0 = Debug|Any CPU
		{D70904F3-AEB7-4DE8-9DF5-B37091EBF830}.Release|Any CPU.ActiveCfg = Release|Any CPU
		{D70904F3-AEB7-4DE8-9DF5-B37091EBF830}.Release|Any CPU.Build.0 = Release|Any CPU
	EndGlobalSection
	GlobalSection(SolutionProperties) = preSolution
		HideSolutionNode = FALSE
	EndGlobalSection
	GlobalSection(ExtensibilityGlobals) = postSolution
		SolutionGuid = {F2DD2888-7E5E-451B-8724-A671E286C0D3}
	EndGlobalSection
EndGlobal
