
Microsoft Visual Studio Solution File, Format Version 12.00
# Visual Studio Version 16
VisualStudioVersion = 16.0.29915.30
MinimumVisualStudioVersion = 10.0.40219.1
Project("{FAE04EC0-301F-11D3-BF4B-00C04F79EFBC}") = "SimUDuckApp", "ConsoleApp1\SimUDuckApp.csproj", "{8D0F946C-170F-4858-921A-C18117604A5F}"
EndProject
Global
	GlobalSection(SolutionConfigurationPlatforms) = preSolution
		Debug|Any CPU = Debug|Any CPU
		Release|Any CPU = Release|Any CPU
	EndGlobalSection
	GlobalSection(ProjectConfigurationPlatforms) = postSolution
		{8D0F946C-170F-4858-921A-C18117604A5F}.Debug|Any CPU.ActiveCfg = Debug|Any CPU
		{8D0F946C-170F-4858-921A-C18117604A5F}.Debug|Any CPU.Build.0 = Debug|Any CPU
		{8D0F946C-170F-4858-921A-C18117604A5F}.Release|Any CPU.ActiveCfg = Release|Any CPU
		{8D0F946C-170F-4858-921A-C18117604A5F}.Release|Any CPU.Build.0 = Release|Any CPU
	EndGlobalSection
	GlobalSection(SolutionProperties) = preSolution
		HideSolutionNode = FALSE
	EndGlobalSection
	GlobalSection(ExtensibilityGlobals) = postSolution
		SolutionGuid = {1F6878E4-C893-414E-98A6-989D944FEC79}
	EndGlobalSection
EndGlobal
